<?xml version="1.0" encoding="utf-8"?>
<Project ToolsVersion="4.0" xmlns="http://schemas.microsoft.com/developer/msbuild/2003">
  <ItemGroup>
    <Filter Include="소스 파일">
      <UniqueIdentifier>{4FC737F1-C7A5-4376-A066-2A32D752A2FF}</UniqueIdentifier>
      <Extensions>cpp;c;cc;cxx;c++;cppm;ixx;def;odl;idl;hpj;bat;asm;asmx</Extensions>
    </Filter>
    <Filter Include="헤더 파일">
      <UniqueIdentifier>{93995380-89BD-4b04-88EB-625FBE52EBFB}</UniqueIdentifier>
      <Extensions>h;hh;hpp;hxx;h++;hm;inl;inc;ipp;xsd</Extensions>
    </Filter>
    <Filter Include="리소스 파일">
      <UniqueIdentifier>{67DA6AB6-F800-4c08-8B7A-83BB121AAD01}</UniqueIdentifier>
      <Extensions>rc;ico;cur;bmp;dlg;rc2;rct;bin;rgs;gif;jpg;jpeg;jpe;resx;tiff;tif;png;wav;mfcribbon-ms</Extensions>
    </Filter>
    <Filter Include="리소스 파일\Shaders">
      <UniqueIdentifier>{e4cbbdbc-8546-42e9-b65e-c8c6455010f1}</UniqueIdentifier>
    </Filter>
    <Filter Include="리소스 파일\Textures">
      <UniqueIdentifier>{65c6467f-7e7e-4ab4-8807-db82ba8f8293}</UniqueIdentifier>
    </Filter>
    <Filter Include="리소스 파일\Models">
      <UniqueIdentifier>{655491ae-23d3-445e-b9da-9a5f7fbe02b3}</UniqueIdentifier>
    </Filter>
    <Filter Include="소스 파일\imgui">
      <UniqueIdentifier>{8a4d2193-2d28-4e43-9d45-ec659917c1d9}</UniqueIdentifier>
    </Filter>
    <Filter Include="헤더 파일\imgui">
      <UniqueIdentifier>{807e6c61-b407-4261-bac8-0553e85d954b}</UniqueIdentifier>
    </Filter>
  </ItemGroup>
  <ItemGroup>
    <ClCompile Include="glad.c">
      <Filter>소스 파일</Filter>
    </ClCompile>
    <ClCompile Include="Main.cpp">
      <Filter>소스 파일</Filter>
    </ClCompile>
    <ClCompile Include="shaderClass.cpp">
      <Filter>소스 파일</Filter>
    </ClCompile>
    <ClCompile Include="VBO.cpp">
      <Filter>소스 파일</Filter>
    </ClCompile>
    <ClCompile Include="EBO.cpp">
      <Filter>소스 파일</Filter>
    </ClCompile>
    <ClCompile Include="VAO.cpp">
      <Filter>소스 파일</Filter>
    </ClCompile>
    <ClCompile Include="stb.cpp">
      <Filter>소스 파일</Filter>
    </ClCompile>
    <ClCompile Include="Texture.cpp">
      <Filter>소스 파일</Filter>
    </ClCompile>
    <ClCompile Include="Camera.cpp">
      <Filter>소스 파일</Filter>
    </ClCompile>
    <ClCompile Include="Mesh.cpp">
      <Filter>소스 파일</Filter>
    </ClCompile>
    <ClCompile Include="Model.cpp">
      <Filter>소스 파일</Filter>
    </ClCompile>
    <ClCompile Include="imgui\imgui.cpp">
      <Filter>소스 파일\imgui</Filter>
    </ClCompile>
    <ClCompile Include="imgui\imgui_demo.cpp">
      <Filter>소스 파일\imgui</Filter>
    </ClCompile>
    <ClCompile Include="imgui\imgui_draw.cpp">
      <Filter>소스 파일\imgui</Filter>
    </ClCompile>
    <ClCompile Include="imgui\imgui_impl_glfw.cpp">
      <Filter>소스 파일\imgui</Filter>
    </ClCompile>
    <ClCompile Include="imgui\imgui_impl_opengl3.cpp">
      <Filter>소스 파일\imgui</Filter>
    </ClCompile>
    <ClCompile Include="imgui\imgui_tables.cpp">
      <Filter>소스 파일\imgui</Filter>
    </ClCompile>
    <ClCompile Include="imgui\imgui_widgets.cpp">
      <Filter>소스 파일\imgui</Filter>
    </ClCompile>
    <ClCompile Include="Dragging.cpp">
      <Filter>소스 파일</Filter>
    </ClCompile>
    <ClCompile Include="gjk.cpp">
      <Filter>소스 파일</Filter>
    </ClCompile>
  </ItemGroup>
  <ItemGroup>
    <None Include="default.vert">
      <Filter>리소스 파일\Shaders</Filter>
    </None>
    <None Include="default.frag">
      <Filter>리소스 파일\Shaders</Filter>
    </None>
    <None Include="light.frag">
      <Filter>리소스 파일\Shaders</Filter>
    </None>
    <None Include="light.vert">
      <Filter>리소스 파일\Shaders</Filter>
    </None>
    <None Include="imgui.ini" />
    <None Include="transparent.vert">
      <Filter>리소스 파일\Shaders</Filter>
    </None>
    <None Include="transparent.frag">
      <Filter>리소스 파일\Shaders</Filter>
    </None>
    <None Include="E:\Project Files\Blender\Project Files\Anime\RemHairOriginFixed.mtl">
      <Filter>리소스 파일\Models</Filter>
    </None>
    <None Include="E:\Project Files\Blender\Exports\Convex.mtl">
      <Filter>리소스 파일\Models</Filter>
    </None>
    <None Include="E:\Project Files\Blender\Project Files\Anime\RemEyeRightOriginFixed.mtl">
      <Filter>리소스 파일\Models</Filter>
    </None>
    <None Include="E:\Project Files\Blender\Project Files\Anime\RemEyeLeftOriginFixed.mtl">
      <Filter>리소스 파일\Models</Filter>
    </None>
    <None Include="Models\RemOriginFixed.mtl">
      <Filter>리소스 파일\Models</Filter>
    </None>
  </ItemGroup>
  <ItemGroup>
    <ClInclude Include="shaderClass.h">
      <Filter>헤더 파일</Filter>
    </ClInclude>
    <ClInclude Include="VBO.h">
      <Filter>헤더 파일</Filter>
    </ClInclude>
    <ClInclude Include="EBO.h">
      <Filter>헤더 파일</Filter>
    </ClInclude>
    <ClInclude Include="VAO.h">
      <Filter>헤더 파일</Filter>
    </ClInclude>
    <ClInclude Include="Texture.h">
      <Filter>헤더 파일</Filter>
    </ClInclude>
    <ClInclude Include="Camera.h">
      <Filter>헤더 파일</Filter>
    </ClInclude>
    <ClInclude Include="Mesh.h">
      <Filter>헤더 파일</Filter>
    </ClInclude>
    <ClInclude Include="Model.h">
      <Filter>헤더 파일</Filter>
    </ClInclude>
    <ClInclude Include="imgui\imstb_truetype.h">
      <Filter>헤더 파일\imgui</Filter>
    </ClInclude>
    <ClInclude Include="imgui\imconfig.h">
      <Filter>헤더 파일\imgui</Filter>
    </ClInclude>
    <ClInclude Include="imgui\imgui.h">
      <Filter>헤더 파일\imgui</Filter>
    </ClInclude>
    <ClInclude Include="imgui\imgui_impl_glfw.h">
      <Filter>헤더 파일\imgui</Filter>
    </ClInclude>
    <ClInclude Include="imgui\imgui_impl_opengl3.h">
      <Filter>헤더 파일\imgui</Filter>
    </ClInclude>
    <ClInclude Include="imgui\imgui_internal.h">
      <Filter>헤더 파일\imgui</Filter>
    </ClInclude>
    <ClInclude Include="imgui\imstb_rectpack.h">
      <Filter>헤더 파일\imgui</Filter>
    </ClInclude>
    <ClInclude Include="imgui\imstb_textedit.h">
      <Filter>헤더 파일\imgui</Filter>
    </ClInclude>
    <ClInclude Include="Dragging.h">
      <Filter>헤더 파일</Filter>
    </ClInclude>
    <ClInclude Include="gjk.h">
      <Filter>헤더 파일</Filter>
    </ClInclude>
  </ItemGroup>
  <ItemGroup>
    <Image Include="ryo_thumbup.png">
      <Filter>리소스 파일\Textures</Filter>
    </Image>
    <Image Include="brick.png">
      <Filter>리소스 파일\Textures</Filter>
    </Image>
    <Image Include="ryo.png">
      <Filter>리소스 파일\Textures</Filter>
    </Image>
    <Image Include="..\..\Downloads\ryo.jpg">
      <Filter>리소스 파일\Textures</Filter>
    </Image>
    <Image Include="planks.png">
      <Filter>리소스 파일\Textures</Filter>
    </Image>
    <Image Include="planksSpec.png">
      <Filter>리소스 파일\Textures</Filter>
    </Image>
    <Image Include="..\..\Downloads\backpack\diffuse.jpg">
      <Filter>리소스 파일\Models</Filter>
    </Image>
    <Image Include="..\..\Downloads\backpack\roughness.jpg">
      <Filter>리소스 파일\Models</Filter>
    </Image>
    <Image Include="..\..\Downloads\backpack\specular.jpg">
      <Filter>리소스 파일\Models</Filter>
    </Image>
    <Image Include="..\..\Downloads\backpack\ao.jpg">
      <Filter>리소스 파일\Models</Filter>
    </Image>
    <Image Include="E:\Project Files\Blender\Project Files\Anime\Skin Base Color.png">
      <Filter>리소스 파일\Models</Filter>
    </Image>
    <Image Include="Models\Skin Base Color1.png">
      <Filter>리소스 파일\Models</Filter>
    </Image>
    <Image Include="Models\Hair_Blue1.png">
      <Filter>리소스 파일\Models</Filter>
    </Image>
    <Image Include="grey.png">
      <Filter>리소스 파일\Textures</Filter>
    </Image>
  </ItemGroup>
  <ItemGroup>
    <Object Include="E:\Project Files\Blender\Project Files\Anime\RemHairOriginFixed.obj">
      <Filter>리소스 파일\Models</Filter>
    </Object>
    <Object Include="E:\Project Files\Blender\Exports\Convex.obj">
      <Filter>리소스 파일\Models</Filter>
    </Object>
    <Object Include="E:\Project Files\Blender\Project Files\Anime\RemEyeLeftOriginFixed.obj">
      <Filter>리소스 파일\Models</Filter>
    </Object>
    <Object Include="E:\Project Files\Blender\Project Files\Anime\RemEyeRightOriginFixed.obj">
      <Filter>리소스 파일\Models</Filter>
    </Object>
    <Object Include="Models\RemOriginFixed.obj">
      <Filter>리소스 파일\Models</Filter>
    </Object>
  </ItemGroup>
  <ItemGroup>
    <Text Include="..\..\Downloads\backpack\source_attribution.txt">
      <Filter>리소스 파일\Models</Filter>
    </Text>
  </ItemGroup>
</Project>